
Microsoft Visual Studio Solution File, Format Version 12.00
# Visual Studio Version 17
VisualStudioVersion = 17.0.32126.317
MinimumVisualStudioVersion = 10.0.40219.1
Project("{FAE04EC0-301F-11D3-BF4B-00C04F79EFBC}") = "SquareRootOfNonNegativeNumber", "SquareRootOfNonNegativeNumber\SquareRootOfNonNegativeNumber.csproj", "{72EB18DC-EE52-4A9B-BE3F-C409C50597FA}"
EndProject
Global
	GlobalSection(SolutionConfigurationPlatforms) = preSolution
		Debug|Any CPU = Debug|Any CPU
		Release|Any CPU = Release|Any CPU
	EndGlobalSection
	GlobalSection(ProjectConfigurationPlatforms) = postSolution
		{72EB18DC-EE52-4A9B-BE3F-C409C50597FA}.Debug|Any CPU.ActiveCfg = Debug|Any CPU
		{72EB18DC-EE52-4A9B-BE3F-C409C50597FA}.Debug|Any CPU.Build.0 = Debug|Any CPU
		{72EB18DC-EE52-4A9B-BE3F-C409C50597FA}.Release|Any CPU.ActiveCfg = Release|Any CPU
		{72EB18DC-EE52-4A9B-BE3F-C409C50597FA}.Release|Any CPU.Build.0 = Release|Any CPU
	EndGlobalSection
	GlobalSection(SolutionProperties) = preSolution
		HideSolutionNode = FALSE
	EndGlobalSection
	GlobalSection(ExtensibilityGlobals) = postSolution
		SolutionGuid = {244933A9-72BC-412B-B02D-6E6A53264EAC}
	EndGlobalSection
EndGlobal
